
Microsoft Visual Studio Solution File, Format Version 12.00
# Visual Studio Version 17
VisualStudioVersion = 17.14.37502.11 d17.14
MinimumVisualStudioVersion = 10.0.40219.1
Project("{FAE04EC0-301F-11D3-BF4B-00C04F79EFBC}") = "AlexLocket", "AlexLocket\AlexLocket.csproj", "{76A9350B-7C76-4247-A59A-192CED779D2C}"
EndProject
Global
	GlobalSection(SolutionConfigurationPlatforms) = preSolution
		Debug|Any CPU = Debug|Any CPU
		Release|Any CPU = Release|Any CPU
	EndGlobalSection
	GlobalSection(ProjectConfigurationPlatforms) = postSolution
		{76A9350B-7C76-4247-A59A-192CED779D2C}.Debug|Any CPU.ActiveCfg = Debug|Any CPU
		{76A9350B-7C76-4247-A59A-192CED779D2C}.Debug|Any CPU.Build.0 = Debug|Any CPU
		{76A9350B-7C76-4247-A59A-192CED779D2C}.Release|Any CPU.ActiveCfg = Release|Any CPU
		{76A9350B-7C76-4247-A59A-192CED779D2C}.Release|Any CPU.Build.0 = Release|Any CPU
	EndGlobalSection
	GlobalSection(SolutionProperties) = preSolution
		HideSolutionNode = FALSE
	EndGlobalSection
	GlobalSection(ExtensibilityGlobals) = postSolution
		SolutionGuid = {EF1E4BAE-3D91-4BE8-B411-6855F0A57A67}
	EndGlobalSection
EndGlobal
